
Microsoft Visual Studio Solution File, Format Version 12.00
# Visual Studio Version 17
VisualStudioVersion = 17.7.34024.191
MinimumVisualStudioVersion = 10.0.40219.1
Project("{FAE04EC0-301F-11D3-BF4B-00C04F79EFBC}") = "Тумаков 13лаб", "Тумаков 13лаб\Тумаков 13лаб.csproj", "{7D99F245-D092-4EB9-8CAE-00C8DE98CAC6}"
EndProject
Project("{FAE04EC0-301F-11D3-BF4B-00C04F79EFBC}") = "Тумаков 14лаб", "Тумаков 14лаб\Тумаков 14лаб.csproj", "{E1E520E7-21A8-44E9-BEEE-94D291716479}"
EndProject
Global
	GlobalSection(SolutionConfigurationPlatforms) = preSolution
		Debug|Any CPU = Debug|Any CPU
		Release|Any CPU = Release|Any CPU
	EndGlobalSection
	GlobalSection(ProjectConfigurationPlatforms) = postSolution
		{7D99F245-D092-4EB9-8CAE-00C8DE98CAC6}.Debug|Any CPU.ActiveCfg = Debug|Any CPU
		{7D99F245-D092-4EB9-8CAE-00C8DE98CAC6}.Debug|Any CPU.Build.0 = Debug|Any CPU
		{7D99F245-D092-4EB9-8CAE-00C8DE98CAC6}.Release|Any CPU.ActiveCfg = Release|Any CPU
		{7D99F245-D092-4EB9-8CAE-00C8DE98CAC6}.Release|Any CPU.Build.0 = Release|Any CPU
		{E1E520E7-21A8-44E9-BEEE-94D291716479}.Debug|Any CPU.ActiveCfg = Debug|Any CPU
		{E1E520E7-21A8-44E9-BEEE-94D291716479}.Debug|Any CPU.Build.0 = Debug|Any CPU
		{E1E520E7-21A8-44E9-BEEE-94D291716479}.Release|Any CPU.ActiveCfg = Release|Any CPU
		{E1E520E7-21A8-44E9-BEEE-94D291716479}.Release|Any CPU.Build.0 = Release|Any CPU
	EndGlobalSection
	GlobalSection(SolutionProperties) = preSolution
		HideSolutionNode = FALSE
	EndGlobalSection
	GlobalSection(ExtensibilityGlobals) = postSolution
		SolutionGuid = {B3DE8E2B-18E0-49BA-97AC-4B4599D996BB}
	EndGlobalSection
EndGlobal
